// !$*UTF8*$!
{
	archiveVersion = 1;
	classes = {
	};
	objectVersion = 56;
	objects = {

/* Begin PBXBuildFile section */
		240624792C6E574F00717B7C /* UIButton+Ext.swift in Sources */ = {isa = PBXBuildFile; fileRef = 240624782C6E574F00717B7C /* UIButton+Ext.swift */; };
		2406247D2C6E639900717B7C /* GridView.swift in Sources */ = {isa = PBXBuildFile; fileRef = 2406247C2C6E639900717B7C /* GridView.swift */; };
		2406247F2C6E66E900717B7C /* FlexGridView.swift in Sources */ = {isa = PBXBuildFile; fileRef = 2406247E2C6E66E900717B7C /* FlexGridView.swift */; };
		240624812C6E67DC00717B7C /* DeviceConstant.swift in Sources */ = {isa = PBXBuildFile; fileRef = 240624802C6E67DC00717B7C /* DeviceConstant.swift */; };
		240624832C6E6A1400717B7C /* UIApplication+Ext.swift in Sources */ = {isa = PBXBuildFile; fileRef = 240624822C6E6A1400717B7C /* UIApplication+Ext.swift */; };
		240624872C6EE98000717B7C /* TableViewCell.swift in Sources */ = {isa = PBXBuildFile; fileRef = 240624862C6EE98000717B7C /* TableViewCell.swift */; };
		240624892C6EE99F00717B7C /* CollectionViewCell.swift in Sources */ = {isa = PBXBuildFile; fileRef = 240624882C6EE99F00717B7C /* CollectionViewCell.swift */; };
		2406248B2C6EFB5000717B7C /* HorizontalList.swift in Sources */ = {isa = PBXBuildFile; fileRef = 2406248A2C6EFB5000717B7C /* HorizontalList.swift */; };
		2406248D2C6EFF7B00717B7C /* HorizontalList.xib in Resources */ = {isa = PBXBuildFile; fileRef = 2406248C2C6EFF7B00717B7C /* HorizontalList.xib */; };
		2406249A2C71C88500717B7C /* TabBarController.swift in Sources */ = {isa = PBXBuildFile; fileRef = 240624992C71C88500717B7C /* TabBarController.swift */; };
		2406249D2C71D69200717B7C /* NavigationController.swift in Sources */ = {isa = PBXBuildFile; fileRef = 2406249C2C71D69200717B7C /* NavigationController.swift */; };
		240624A22C73214A00717B7C /* CollectionView.swift in Sources */ = {isa = PBXBuildFile; fileRef = 240624A12C73214A00717B7C /* CollectionView.swift */; };
		240624A42C73216200717B7C /* TableView.swift in Sources */ = {isa = PBXBuildFile; fileRef = 240624A32C73216200717B7C /* TableView.swift */; };
		240624A72C7326AD00717B7C /* SkeletonView.framework in Frameworks */ = {isa = PBXBuildFile; fileRef = 240624A52C7326AD00717B7C /* SkeletonView.framework */; };
		24E3FE9E2C64CC26005D2C3E /* AppDelegate.swift in Sources */ = {isa = PBXBuildFile; fileRef = 24E3FE9D2C64CC26005D2C3E /* AppDelegate.swift */; };
		24E3FEAA2C64CC27005D2C3E /* Base in Resources */ = {isa = PBXBuildFile; fileRef = 24E3FEA92C64CC27005D2C3E /* Base */; };
		24E3FEB82C64D04E005D2C3E /* Assets.xcassets in Resources */ = {isa = PBXBuildFile; fileRef = 24E3FEB72C64D04E005D2C3E /* Assets.xcassets */; };
		24E3FECA2C6B9AE3005D2C3E /* ViewController.swift in Sources */ = {isa = PBXBuildFile; fileRef = 24E3FEC92C6B9AE3005D2C3E /* ViewController.swift */; };
		24E3FECC2C6B9AFD005D2C3E /* View.swift in Sources */ = {isa = PBXBuildFile; fileRef = 24E3FECB2C6B9AFD005D2C3E /* View.swift */; };
		24E3FECE2C6B9B25005D2C3E /* String+Ext.swift in Sources */ = {isa = PBXBuildFile; fileRef = 24E3FECD2C6B9B25005D2C3E /* String+Ext.swift */; };
		24E3FED02C6B9B3F005D2C3E /* UIView+Ext.swift in Sources */ = {isa = PBXBuildFile; fileRef = 24E3FECF2C6B9B3F005D2C3E /* UIView+Ext.swift */; };
		24E3FED22C6BA138005D2C3E /* Localizable.xcstrings in Resources */ = {isa = PBXBuildFile; fileRef = 24E3FED12C6BA138005D2C3E /* Localizable.xcstrings */; };
		24E3FED42C6BA168005D2C3E /* Label.swift in Sources */ = {isa = PBXBuildFile; fileRef = 24E3FED32C6BA168005D2C3E /* Label.swift */; };
		24E3FED62C6BA227005D2C3E /* UIFont+Ext.swift in Sources */ = {isa = PBXBuildFile; fileRef = 24E3FED52C6BA227005D2C3E /* UIFont+Ext.swift */; };
		24E3FEE32C6BA409005D2C3E /* NotoSans-Italic.ttf in Resources */ = {isa = PBXBuildFile; fileRef = 24E3FED72C6BA408005D2C3E /* NotoSans-Italic.ttf */; };
		24E3FEE42C6BA409005D2C3E /* NotoSans-LightItalic.ttf in Resources */ = {isa = PBXBuildFile; fileRef = 24E3FED82C6BA408005D2C3E /* NotoSans-LightItalic.ttf */; };
		24E3FEE52C6BA409005D2C3E /* NotoSans-ExtraLightItalic.ttf in Resources */ = {isa = PBXBuildFile; fileRef = 24E3FED92C6BA408005D2C3E /* NotoSans-ExtraLightItalic.ttf */; };
		24E3FEE62C6BA409005D2C3E /* NotoSans-MediumItalic.ttf in Resources */ = {isa = PBXBuildFile; fileRef = 24E3FEDA2C6BA409005D2C3E /* NotoSans-MediumItalic.ttf */; };
		24E3FEE72C6BA409005D2C3E /* NotoSans-SemiBold.ttf in Resources */ = {isa = PBXBuildFile; fileRef = 24E3FEDB2C6BA409005D2C3E /* NotoSans-SemiBold.ttf */; };
		24E3FEE82C6BA409005D2C3E /* NotoSans-SemiBoldItalic.ttf in Resources */ = {isa = PBXBuildFile; fileRef = 24E3FEDC2C6BA409005D2C3E /* NotoSans-SemiBoldItalic.ttf */; };
		24E3FEE92C6BA409005D2C3E /* NotoSans-ThinItalic.ttf in Resources */ = {isa = PBXBuildFile; fileRef = 24E3FEDD2C6BA409005D2C3E /* NotoSans-ThinItalic.ttf */; };
		24E3FEEA2C6BA409005D2C3E /* NotoSans-ExtraLight.ttf in Resources */ = {isa = PBXBuildFile; fileRef = 24E3FEDE2C6BA409005D2C3E /* NotoSans-ExtraLight.ttf */; };
		24E3FEEB2C6BA409005D2C3E /* NotoSans-Light.ttf in Resources */ = {isa = PBXBuildFile; fileRef = 24E3FEDF2C6BA409005D2C3E /* NotoSans-Light.ttf */; };
		24E3FEEC2C6BA409005D2C3E /* NotoSans-Regular.ttf in Resources */ = {isa = PBXBuildFile; fileRef = 24E3FEE02C6BA409005D2C3E /* NotoSans-Regular.ttf */; };
		24E3FEED2C6BA409005D2C3E /* NotoSans-Thin.ttf in Resources */ = {isa = PBXBuildFile; fileRef = 24E3FEE12C6BA409005D2C3E /* NotoSans-Thin.ttf */; };
		24E3FEEE2C6BA409005D2C3E /* NotoSans-Medium.ttf in Resources */ = {isa = PBXBuildFile; fileRef = 24E3FEE22C6BA409005D2C3E /* NotoSans-Medium.ttf */; };
		24E3FEF02C6BA60F005D2C3E /* FontConstant.swift in Sources */ = {isa = PBXBuildFile; fileRef = 24E3FEEF2C6BA60F005D2C3E /* FontConstant.swift */; };
		24E3FEF22C6BAD91005D2C3E /* NSMutableAttributedString+Ext.swift in Sources */ = {isa = PBXBuildFile; fileRef = 24E3FEF12C6BAD91005D2C3E /* NSMutableAttributedString+Ext.swift */; };
		24E3FEF42C6BAE66005D2C3E /* With.swift in Sources */ = {isa = PBXBuildFile; fileRef = 24E3FEF32C6BAE66005D2C3E /* With.swift */; };
		24E3FEF62C6BB476005D2C3E /* Dequeueable+Ext.swift in Sources */ = {isa = PBXBuildFile; fileRef = 24E3FEF52C6BB476005D2C3E /* Dequeueable+Ext.swift */; };
		24E3FEF82C6BB515005D2C3E /* Fillable.swift in Sources */ = {isa = PBXBuildFile; fileRef = 24E3FEF72C6BB515005D2C3E /* Fillable.swift */; };
		24E3FEFA2C6BB688005D2C3E /* InteractiveView.swift in Sources */ = {isa = PBXBuildFile; fileRef = 24E3FEF92C6BB688005D2C3E /* InteractiveView.swift */; };
		24E3FEFF2C6BBD44005D2C3E /* TestViewController.swift in Sources */ = {isa = PBXBuildFile; fileRef = 24E3FEFD2C6BBD44005D2C3E /* TestViewController.swift */; };
		24E3FF002C6BBD44005D2C3E /* TestViewController.xib in Resources */ = {isa = PBXBuildFile; fileRef = 24E3FEFE2C6BBD44005D2C3E /* TestViewController.xib */; };
		24E3FF1B2C6C8D43005D2C3E /* PanModalAnimator.swift in Sources */ = {isa = PBXBuildFile; fileRef = 24E3FF022C6C8D43005D2C3E /* PanModalAnimator.swift */; };
		24E3FF1C2C6C8D43005D2C3E /* PanModalPresentationAnimator.swift in Sources */ = {isa = PBXBuildFile; fileRef = 24E3FF032C6C8D43005D2C3E /* PanModalPresentationAnimator.swift */; };
		24E3FF1D2C6C8D43005D2C3E /* PanModalPresentationController.swift in Sources */ = {isa = PBXBuildFile; fileRef = 24E3FF052C6C8D43005D2C3E /* PanModalPresentationController.swift */; };
		24E3FF1E2C6C8D43005D2C3E /* PanModalPresentationDelegate.swift in Sources */ = {isa = PBXBuildFile; fileRef = 24E3FF072C6C8D43005D2C3E /* PanModalPresentationDelegate.swift */; };
		24E3FF1F2C6C8D43005D2C3E /* TransitionType.swift in Sources */ = {isa = PBXBuildFile; fileRef = 24E3FF092C6C8D43005D2C3E /* TransitionType.swift */; };
		24E3FF202C6C8D43005D2C3E /* PanModalHeight.swift in Sources */ = {isa = PBXBuildFile; fileRef = 24E3FF0B2C6C8D43005D2C3E /* PanModalHeight.swift */; };
		24E3FF212C6C8D43005D2C3E /* PanModalPresentable.swift in Sources */ = {isa = PBXBuildFile; fileRef = 24E3FF0C2C6C8D43005D2C3E /* PanModalPresentable.swift */; };
		24E3FF222C6C8D43005D2C3E /* PanModalPresentable+Defaults.swift in Sources */ = {isa = PBXBuildFile; fileRef = 24E3FF0D2C6C8D43005D2C3E /* PanModalPresentable+Defaults.swift */; };
		24E3FF232C6C8D43005D2C3E /* PanModalPresentable+LayoutHelpers.swift in Sources */ = {isa = PBXBuildFile; fileRef = 24E3FF0E2C6C8D43005D2C3E /* PanModalPresentable+LayoutHelpers.swift */; };
		24E3FF242C6C8D43005D2C3E /* PanModalPresentable+UIViewController.swift in Sources */ = {isa = PBXBuildFile; fileRef = 24E3FF0F2C6C8D43005D2C3E /* PanModalPresentable+UIViewController.swift */; };
		24E3FF252C6C8D43005D2C3E /* TransitionPresentable.swift in Sources */ = {isa = PBXBuildFile; fileRef = 24E3FF112C6C8D43005D2C3E /* TransitionPresentable.swift */; };
		24E3FF262C6C8D43005D2C3E /* TransitionPresentable+Defaults.swift in Sources */ = {isa = PBXBuildFile; fileRef = 24E3FF122C6C8D43005D2C3E /* TransitionPresentable+Defaults.swift */; };
		24E3FF272C6C8D43005D2C3E /* TransitionPresenter.swift in Sources */ = {isa = PBXBuildFile; fileRef = 24E3FF142C6C8D43005D2C3E /* TransitionPresenter.swift */; };
		24E3FF282C6C8D43005D2C3E /* TransitionPresenter+UIViewController.swift in Sources */ = {isa = PBXBuildFile; fileRef = 24E3FF152C6C8D43005D2C3E /* TransitionPresenter+UIViewController.swift */; };
		24E3FF292C6C8D43005D2C3E /* DimmedView.swift in Sources */ = {isa = PBXBuildFile; fileRef = 24E3FF172C6C8D43005D2C3E /* DimmedView.swift */; };
		24E3FF2A2C6C8D43005D2C3E /* PanContainerView.swift in Sources */ = {isa = PBXBuildFile; fileRef = 24E3FF182C6C8D43005D2C3E /* PanContainerView.swift */; };
		24E3FF2C2C6C9048005D2C3E /* KeyboardHelper.swift in Sources */ = {isa = PBXBuildFile; fileRef = 24E3FF2B2C6C9048005D2C3E /* KeyboardHelper.swift */; };
		24E3FF322C6CF513005D2C3E /* SmartScrollView.swift in Sources */ = {isa = PBXBuildFile; fileRef = 24E3FF312C6CF513005D2C3E /* SmartScrollView.swift */; };
		24E3FF372C6DA834005D2C3E /* SafeAreaBottomView.swift in Sources */ = {isa = PBXBuildFile; fileRef = 24E3FF352C6DA833005D2C3E /* SafeAreaBottomView.swift */; };
		24E3FF382C6DA834005D2C3E /* SafeAreaTopView.swift in Sources */ = {isa = PBXBuildFile; fileRef = 24E3FF362C6DA834005D2C3E /* SafeAreaTopView.swift */; };
		24E3FF3F2C6DAF3B005D2C3E /* Button.swift in Sources */ = {isa = PBXBuildFile; fileRef = 24E3FF3E2C6DAF3B005D2C3E /* Button.swift */; };
		24FB19D82C6E3FBF004BEA1D /* Icons.xcassets in Resources */ = {isa = PBXBuildFile; fileRef = 24FB19D72C6E3FBF004BEA1D /* Icons.xcassets */; };
		24FB19DA2C6E3FD4004BEA1D /* Colors.xcassets in Resources */ = {isa = PBXBuildFile; fileRef = 24FB19D92C6E3FD4004BEA1D /* Colors.xcassets */; };
/* End PBXBuildFile section */

/* Begin PBXFileReference section */
		240624782C6E574F00717B7C /* UIButton+Ext.swift */ = {isa = PBXFileReference; lastKnownFileType = sourcecode.swift; path = "UIButton+Ext.swift"; sourceTree = "<group>"; };
		2406247C2C6E639900717B7C /* GridView.swift */ = {isa = PBXFileReference; lastKnownFileType = sourcecode.swift; path = GridView.swift; sourceTree = "<group>"; };
		2406247E2C6E66E900717B7C /* FlexGridView.swift */ = {isa = PBXFileReference; lastKnownFileType = sourcecode.swift; path = FlexGridView.swift; sourceTree = "<group>"; };
		240624802C6E67DC00717B7C /* DeviceConstant.swift */ = {isa = PBXFileReference; lastKnownFileType = sourcecode.swift; path = DeviceConstant.swift; sourceTree = "<group>"; };
		240624822C6E6A1400717B7C /* UIApplication+Ext.swift */ = {isa = PBXFileReference; lastKnownFileType = sourcecode.swift; path = "UIApplication+Ext.swift"; sourceTree = "<group>"; };
		240624862C6EE98000717B7C /* TableViewCell.swift */ = {isa = PBXFileReference; lastKnownFileType = sourcecode.swift; path = TableViewCell.swift; sourceTree = "<group>"; };
		240624882C6EE99F00717B7C /* CollectionViewCell.swift */ = {isa = PBXFileReference; lastKnownFileType = sourcecode.swift; path = CollectionViewCell.swift; sourceTree = "<group>"; };
		2406248A2C6EFB5000717B7C /* HorizontalList.swift */ = {isa = PBXFileReference; lastKnownFileType = sourcecode.swift; path = HorizontalList.swift; sourceTree = "<group>"; };
		2406248C2C6EFF7B00717B7C /* HorizontalList.xib */ = {isa = PBXFileReference; lastKnownFileType = file.xib; path = HorizontalList.xib; sourceTree = "<group>"; };
		240624992C71C88500717B7C /* TabBarController.swift */ = {isa = PBXFileReference; lastKnownFileType = sourcecode.swift; path = TabBarController.swift; sourceTree = "<group>"; };
		2406249C2C71D69200717B7C /* NavigationController.swift */ = {isa = PBXFileReference; lastKnownFileType = sourcecode.swift; path = NavigationController.swift; sourceTree = "<group>"; };
		240624A12C73214A00717B7C /* CollectionView.swift */ = {isa = PBXFileReference; lastKnownFileType = sourcecode.swift; path = CollectionView.swift; sourceTree = "<group>"; };
		240624A32C73216200717B7C /* TableView.swift */ = {isa = PBXFileReference; lastKnownFileType = sourcecode.swift; path = TableView.swift; sourceTree = "<group>"; };
		240624A52C7326AD00717B7C /* SkeletonView.framework */ = {isa = PBXFileReference; lastKnownFileType = wrapper.framework; path = SkeletonView.framework; sourceTree = "<group>"; };
		24E3FE9A2C64CC25005D2C3E /* Spotifire.app */ = {isa = PBXFileReference; explicitFileType = wrapper.application; includeInIndex = 0; path = Spotifire.app; sourceTree = BUILT_PRODUCTS_DIR; };
		24E3FE9D2C64CC26005D2C3E /* AppDelegate.swift */ = {isa = PBXFileReference; lastKnownFileType = sourcecode.swift; path = AppDelegate.swift; sourceTree = "<group>"; };
		24E3FEA92C64CC27005D2C3E /* Base */ = {isa = PBXFileReference; lastKnownFileType = file.storyboard; name = Base; path = Base.lproj/LaunchScreen.storyboard; sourceTree = "<group>"; };
		24E3FEAB2C64CC27005D2C3E /* Info.plist */ = {isa = PBXFileReference; lastKnownFileType = text.plist.xml; path = Info.plist; sourceTree = "<group>"; };
		24E3FEB72C64D04E005D2C3E /* Assets.xcassets */ = {isa = PBXFileReference; lastKnownFileType = folder.assetcatalog; path = Assets.xcassets; sourceTree = "<group>"; };
		24E3FEC92C6B9AE3005D2C3E /* ViewController.swift */ = {isa = PBXFileReference; lastKnownFileType = sourcecode.swift; path = ViewController.swift; sourceTree = "<group>"; };
		24E3FECB2C6B9AFD005D2C3E /* View.swift */ = {isa = PBXFileReference; lastKnownFileType = sourcecode.swift; path = View.swift; sourceTree = "<group>"; };
		24E3FECD2C6B9B25005D2C3E /* String+Ext.swift */ = {isa = PBXFileReference; lastKnownFileType = sourcecode.swift; path = "String+Ext.swift"; sourceTree = "<group>"; };
		24E3FECF2C6B9B3F005D2C3E /* UIView+Ext.swift */ = {isa = PBXFileReference; lastKnownFileType = sourcecode.swift; path = "UIView+Ext.swift"; sourceTree = "<group>"; };
		24E3FED12C6BA138005D2C3E /* Localizable.xcstrings */ = {isa = PBXFileReference; lastKnownFileType = text.json.xcstrings; name = Localizable.xcstrings; path = Spotifire/Localizable.xcstrings; sourceTree = SOURCE_ROOT; };
		24E3FED32C6BA168005D2C3E /* Label.swift */ = {isa = PBXFileReference; lastKnownFileType = sourcecode.swift; path = Label.swift; sourceTree = "<group>"; };
		24E3FED52C6BA227005D2C3E /* UIFont+Ext.swift */ = {isa = PBXFileReference; lastKnownFileType = sourcecode.swift; path = "UIFont+Ext.swift"; sourceTree = "<group>"; };
		24E3FED72C6BA408005D2C3E /* NotoSans-Italic.ttf */ = {isa = PBXFileReference; lastKnownFileType = file; path = "NotoSans-Italic.ttf"; sourceTree = "<group>"; };
		24E3FED82C6BA408005D2C3E /* NotoSans-LightItalic.ttf */ = {isa = PBXFileReference; lastKnownFileType = file; path = "NotoSans-LightItalic.ttf"; sourceTree = "<group>"; };
		24E3FED92C6BA408005D2C3E /* NotoSans-ExtraLightItalic.ttf */ = {isa = PBXFileReference; lastKnownFileType = file; path = "NotoSans-ExtraLightItalic.ttf"; sourceTree = "<group>"; };
		24E3FEDA2C6BA409005D2C3E /* NotoSans-MediumItalic.ttf */ = {isa = PBXFileReference; lastKnownFileType = file; path = "NotoSans-MediumItalic.ttf"; sourceTree = "<group>"; };
		24E3FEDB2C6BA409005D2C3E /* NotoSans-SemiBold.ttf */ = {isa = PBXFileReference; lastKnownFileType = file; path = "NotoSans-SemiBold.ttf"; sourceTree = "<group>"; };
		24E3FEDC2C6BA409005D2C3E /* NotoSans-SemiBoldItalic.ttf */ = {isa = PBXFileReference; lastKnownFileType = file; path = "NotoSans-SemiBoldItalic.ttf"; sourceTree = "<group>"; };
		24E3FEDD2C6BA409005D2C3E /* NotoSans-ThinItalic.ttf */ = {isa = PBXFileReference; lastKnownFileType = file; path = "NotoSans-ThinItalic.ttf"; sourceTree = "<group>"; };
		24E3FEDE2C6BA409005D2C3E /* NotoSans-ExtraLight.ttf */ = {isa = PBXFileReference; lastKnownFileType = file; path = "NotoSans-ExtraLight.ttf"; sourceTree = "<group>"; };
		24E3FEDF2C6BA409005D2C3E /* NotoSans-Light.ttf */ = {isa = PBXFileReference; lastKnownFileType = file; path = "NotoSans-Light.ttf"; sourceTree = "<group>"; };
		24E3FEE02C6BA409005D2C3E /* NotoSans-Regular.ttf */ = {isa = PBXFileReference; lastKnownFileType = file; path = "NotoSans-Regular.ttf"; sourceTree = "<group>"; };
		24E3FEE12C6BA409005D2C3E /* NotoSans-Thin.ttf */ = {isa = PBXFileReference; lastKnownFileType = file; path = "NotoSans-Thin.ttf"; sourceTree = "<group>"; };
		24E3FEE22C6BA409005D2C3E /* NotoSans-Medium.ttf */ = {isa = PBXFileReference; lastKnownFileType = file; path = "NotoSans-Medium.ttf"; sourceTree = "<group>"; };
		24E3FEEF2C6BA60F005D2C3E /* FontConstant.swift */ = {isa = PBXFileReference; lastKnownFileType = sourcecode.swift; path = FontConstant.swift; sourceTree = "<group>"; };
		24E3FEF12C6BAD91005D2C3E /* NSMutableAttributedString+Ext.swift */ = {isa = PBXFileReference; lastKnownFileType = sourcecode.swift; path = "NSMutableAttributedString+Ext.swift"; sourceTree = "<group>"; };
		24E3FEF32C6BAE66005D2C3E /* With.swift */ = {isa = PBXFileReference; lastKnownFileType = sourcecode.swift; path = With.swift; sourceTree = "<group>"; };
		24E3FEF52C6BB476005D2C3E /* Dequeueable+Ext.swift */ = {isa = PBXFileReference; lastKnownFileType = sourcecode.swift; path = "Dequeueable+Ext.swift"; sourceTree = "<group>"; };
		24E3FEF72C6BB515005D2C3E /* Fillable.swift */ = {isa = PBXFileReference; lastKnownFileType = sourcecode.swift; path = Fillable.swift; sourceTree = "<group>"; };
		24E3FEF92C6BB688005D2C3E /* InteractiveView.swift */ = {isa = PBXFileReference; lastKnownFileType = sourcecode.swift; path = InteractiveView.swift; sourceTree = "<group>"; };
		24E3FEFD2C6BBD44005D2C3E /* TestViewController.swift */ = {isa = PBXFileReference; lastKnownFileType = sourcecode.swift; path = TestViewController.swift; sourceTree = "<group>"; };
		24E3FEFE2C6BBD44005D2C3E /* TestViewController.xib */ = {isa = PBXFileReference; lastKnownFileType = file.xib; path = TestViewController.xib; sourceTree = "<group>"; };
		24E3FF022C6C8D43005D2C3E /* PanModalAnimator.swift */ = {isa = PBXFileReference; fileEncoding = 4; lastKnownFileType = sourcecode.swift; path = PanModalAnimator.swift; sourceTree = "<group>"; };
		24E3FF032C6C8D43005D2C3E /* PanModalPresentationAnimator.swift */ = {isa = PBXFileReference; fileEncoding = 4; lastKnownFileType = sourcecode.swift; path = PanModalPresentationAnimator.swift; sourceTree = "<group>"; };
		24E3FF052C6C8D43005D2C3E /* PanModalPresentationController.swift */ = {isa = PBXFileReference; fileEncoding = 4; lastKnownFileType = sourcecode.swift; path = PanModalPresentationController.swift; sourceTree = "<group>"; };
		24E3FF072C6C8D43005D2C3E /* PanModalPresentationDelegate.swift */ = {isa = PBXFileReference; fileEncoding = 4; lastKnownFileType = sourcecode.swift; path = PanModalPresentationDelegate.swift; sourceTree = "<group>"; };
		24E3FF092C6C8D43005D2C3E /* TransitionType.swift */ = {isa = PBXFileReference; fileEncoding = 4; lastKnownFileType = sourcecode.swift; path = TransitionType.swift; sourceTree = "<group>"; };
		24E3FF0B2C6C8D43005D2C3E /* PanModalHeight.swift */ = {isa = PBXFileReference; fileEncoding = 4; lastKnownFileType = sourcecode.swift; path = PanModalHeight.swift; sourceTree = "<group>"; };
		24E3FF0C2C6C8D43005D2C3E /* PanModalPresentable.swift */ = {isa = PBXFileReference; fileEncoding = 4; lastKnownFileType = sourcecode.swift; path = PanModalPresentable.swift; sourceTree = "<group>"; };
		24E3FF0D2C6C8D43005D2C3E /* PanModalPresentable+Defaults.swift */ = {isa = PBXFileReference; fileEncoding = 4; lastKnownFileType = sourcecode.swift; path = "PanModalPresentable+Defaults.swift"; sourceTree = "<group>"; };
		24E3FF0E2C6C8D43005D2C3E /* PanModalPresentable+LayoutHelpers.swift */ = {isa = PBXFileReference; fileEncoding = 4; lastKnownFileType = sourcecode.swift; path = "PanModalPresentable+LayoutHelpers.swift"; sourceTree = "<group>"; };
		24E3FF0F2C6C8D43005D2C3E /* PanModalPresentable+UIViewController.swift */ = {isa = PBXFileReference; fileEncoding = 4; lastKnownFileType = sourcecode.swift; path = "PanModalPresentable+UIViewController.swift"; sourceTree = "<group>"; };
		24E3FF112C6C8D43005D2C3E /* TransitionPresentable.swift */ = {isa = PBXFileReference; fileEncoding = 4; lastKnownFileType = sourcecode.swift; path = TransitionPresentable.swift; sourceTree = "<group>"; };
		24E3FF122C6C8D43005D2C3E /* TransitionPresentable+Defaults.swift */ = {isa = PBXFileReference; fileEncoding = 4; lastKnownFileType = sourcecode.swift; path = "TransitionPresentable+Defaults.swift"; sourceTree = "<group>"; };
		24E3FF142C6C8D43005D2C3E /* TransitionPresenter.swift */ = {isa = PBXFileReference; fileEncoding = 4; lastKnownFileType = sourcecode.swift; path = TransitionPresenter.swift; sourceTree = "<group>"; };
		24E3FF152C6C8D43005D2C3E /* TransitionPresenter+UIViewController.swift */ = {isa = PBXFileReference; fileEncoding = 4; lastKnownFileType = sourcecode.swift; path = "TransitionPresenter+UIViewController.swift"; sourceTree = "<group>"; };
		24E3FF172C6C8D43005D2C3E /* DimmedView.swift */ = {isa = PBXFileReference; fileEncoding = 4; lastKnownFileType = sourcecode.swift; path = DimmedView.swift; sourceTree = "<group>"; };
		24E3FF182C6C8D43005D2C3E /* PanContainerView.swift */ = {isa = PBXFileReference; fileEncoding = 4; lastKnownFileType = sourcecode.swift; path = PanContainerView.swift; sourceTree = "<group>"; };
		24E3FF2B2C6C9048005D2C3E /* KeyboardHelper.swift */ = {isa = PBXFileReference; lastKnownFileType = sourcecode.swift; path = KeyboardHelper.swift; sourceTree = "<group>"; };
		24E3FF312C6CF513005D2C3E /* SmartScrollView.swift */ = {isa = PBXFileReference; lastKnownFileType = sourcecode.swift; path = SmartScrollView.swift; sourceTree = "<group>"; };
		24E3FF352C6DA833005D2C3E /* SafeAreaBottomView.swift */ = {isa = PBXFileReference; fileEncoding = 4; lastKnownFileType = sourcecode.swift; path = SafeAreaBottomView.swift; sourceTree = "<group>"; };
		24E3FF362C6DA834005D2C3E /* SafeAreaTopView.swift */ = {isa = PBXFileReference; fileEncoding = 4; lastKnownFileType = sourcecode.swift; path = SafeAreaTopView.swift; sourceTree = "<group>"; };
		24E3FF3E2C6DAF3B005D2C3E /* Button.swift */ = {isa = PBXFileReference; lastKnownFileType = sourcecode.swift; path = Button.swift; sourceTree = "<group>"; };
		24FB19D72C6E3FBF004BEA1D /* Icons.xcassets */ = {isa = PBXFileReference; lastKnownFileType = folder.assetcatalog; path = Icons.xcassets; sourceTree = "<group>"; };
		24FB19D92C6E3FD4004BEA1D /* Colors.xcassets */ = {isa = PBXFileReference; lastKnownFileType = folder.assetcatalog; path = Colors.xcassets; sourceTree = "<group>"; };
/* End PBXFileReference section */

/* Begin PBXFrameworksBuildPhase section */
		24E3FE972C64CC25005D2C3E /* Frameworks */ = {
			isa = PBXFrameworksBuildPhase;
			buildActionMask = 2147483647;
			files = (
				240624A72C7326AD00717B7C /* SkeletonView.framework in Frameworks */,
			);
			runOnlyForDeploymentPostprocessing = 0;
		};
/* End PBXFrameworksBuildPhase section */

/* Begin PBXGroup section */
		240624772C6E573600717B7C /* Protocols */ = {
			isa = PBXGroup;
			children = (
				24E3FEF72C6BB515005D2C3E /* Fillable.swift */,
				24E3FEF32C6BAE66005D2C3E /* With.swift */,
			);
			path = Protocols;
			sourceTree = "<group>";
		};
		2406247A2C6E634400717B7C /* GridView */ = {
			isa = PBXGroup;
			children = (
				2406247C2C6E639900717B7C /* GridView.swift */,
				2406247E2C6E66E900717B7C /* FlexGridView.swift */,
			);
			path = GridView;
			sourceTree = "<group>";
		};
		2406247B2C6E635200717B7C /* HorizontalList */ = {
			isa = PBXGroup;
			children = (
				2406248A2C6EFB5000717B7C /* HorizontalList.swift */,
				2406248C2C6EFF7B00717B7C /* HorizontalList.xib */,
			);
			path = HorizontalList;
			sourceTree = "<group>";
		};
		240624842C6EE96100717B7C /* TableViewCell */ = {
			isa = PBXGroup;
			children = (
				240624862C6EE98000717B7C /* TableViewCell.swift */,
			);
			path = TableViewCell;
			sourceTree = "<group>";
		};
		240624852C6EE96B00717B7C /* CollectionViewCell */ = {
			isa = PBXGroup;
			children = (
				240624882C6EE99F00717B7C /* CollectionViewCell.swift */,
			);
			path = CollectionViewCell;
			sourceTree = "<group>";
		};
		240624982C71C87300717B7C /* TabBarController */ = {
			isa = PBXGroup;
			children = (
				240624992C71C88500717B7C /* TabBarController.swift */,
			);
			path = TabBarController;
			sourceTree = "<group>";
		};
		2406249B2C71D68000717B7C /* NavigationController */ = {
			isa = PBXGroup;
			children = (
				2406249C2C71D69200717B7C /* NavigationController.swift */,
			);
			path = NavigationController;
			sourceTree = "<group>";
		};
		2406249F2C73212800717B7C /* TableView */ = {
			isa = PBXGroup;
			children = (
				240624A32C73216200717B7C /* TableView.swift */,
			);
			path = TableView;
			sourceTree = "<group>";
		};
		240624A02C73213800717B7C /* CollectionView */ = {
			isa = PBXGroup;
			children = (
				240624A12C73214A00717B7C /* CollectionView.swift */,
			);
			path = CollectionView;
			sourceTree = "<group>";
		};
		240624A62C7326AD00717B7C /* SkeletonLoading */ = {
			isa = PBXGroup;
			children = (
				240624A52C7326AD00717B7C /* SkeletonView.framework */,
			);
			path = SkeletonLoading;
			sourceTree = "<group>";
		};
		24E3FE912C64CC25005D2C3E = {
			isa = PBXGroup;
			children = (
				24E3FE9C2C64CC26005D2C3E /* Spotifire */,
				24E3FE9B2C64CC25005D2C3E /* Products */,
			);
			sourceTree = "<group>";
		};
		24E3FE9B2C64CC25005D2C3E /* Products */ = {
			isa = PBXGroup;
			children = (
				24E3FE9A2C64CC25005D2C3E /* Spotifire.app */,
			);
			name = Products;
			sourceTree = "<group>";
		};
		24E3FE9C2C64CC26005D2C3E /* Spotifire */ = {
			isa = PBXGroup;
			children = (
				24E3FEB12C64CD4D005D2C3E /* Application */,
				24E3FEB22C64CD5E005D2C3E /* Resources */,
				24E3FEBA2C6B90D7005D2C3E /* Screens */,
				24E3FEBB2C6B90E9005D2C3E /* Shared */,
			);
			path = Spotifire;
			sourceTree = "<group>";
		};
		24E3FEB12C64CD4D005D2C3E /* Application */ = {
			isa = PBXGroup;
			children = (
				24E3FE9D2C64CC26005D2C3E /* AppDelegate.swift */,
				24E3FEA82C64CC27005D2C3E /* LaunchScreen.storyboard */,
				24E3FEAB2C64CC27005D2C3E /* Info.plist */,
			);
			path = Application;
			sourceTree = "<group>";
		};
		24E3FEB22C64CD5E005D2C3E /* Resources */ = {
			isa = PBXGroup;
			children = (
				24E3FEB92C6B90CE005D2C3E /* Font */,
				24E3FEB72C64D04E005D2C3E /* Assets.xcassets */,
				24FB19D72C6E3FBF004BEA1D /* Icons.xcassets */,
				24FB19D92C6E3FD4004BEA1D /* Colors.xcassets */,
				24E3FED12C6BA138005D2C3E /* Localizable.xcstrings */,
			);
			path = Resources;
			sourceTree = "<group>";
		};
		24E3FEB92C6B90CE005D2C3E /* Font */ = {
			isa = PBXGroup;
			children = (
				24E3FEDE2C6BA409005D2C3E /* NotoSans-ExtraLight.ttf */,
				24E3FED92C6BA408005D2C3E /* NotoSans-ExtraLightItalic.ttf */,
				24E3FED72C6BA408005D2C3E /* NotoSans-Italic.ttf */,
				24E3FEDF2C6BA409005D2C3E /* NotoSans-Light.ttf */,
				24E3FED82C6BA408005D2C3E /* NotoSans-LightItalic.ttf */,
				24E3FEE22C6BA409005D2C3E /* NotoSans-Medium.ttf */,
				24E3FEDA2C6BA409005D2C3E /* NotoSans-MediumItalic.ttf */,
				24E3FEE02C6BA409005D2C3E /* NotoSans-Regular.ttf */,
				24E3FEDB2C6BA409005D2C3E /* NotoSans-SemiBold.ttf */,
				24E3FEDC2C6BA409005D2C3E /* NotoSans-SemiBoldItalic.ttf */,
				24E3FEE12C6BA409005D2C3E /* NotoSans-Thin.ttf */,
				24E3FEDD2C6BA409005D2C3E /* NotoSans-ThinItalic.ttf */,
			);
			path = Font;
			sourceTree = "<group>";
		};
		24E3FEBA2C6B90D7005D2C3E /* Screens */ = {
			isa = PBXGroup;
			children = (
				24E3FEFD2C6BBD44005D2C3E /* TestViewController.swift */,
				24E3FEFE2C6BBD44005D2C3E /* TestViewController.xib */,
			);
			path = Screens;
			sourceTree = "<group>";
		};
		24E3FEBB2C6B90E9005D2C3E /* Shared */ = {
			isa = PBXGroup;
			children = (
				24E3FF2E2C6C91E3005D2C3E /* CustomView */,
				24E3FF012C6C8CDB005D2C3E /* Helpers */,
				24E3FEC12C6B917C005D2C3E /* Libraries */,
				24E3FEC02C6B916E005D2C3E /* Alerts */,
				24E3FEBE2C6B912D005D2C3E /* Base */,
				24E3FEBD2C6B90FE005D2C3E /* Constants */,
				24E3FEBC2C6B90F4005D2C3E /* Extensions */,
			);
			path = Shared;
			sourceTree = "<group>";
		};
		24E3FEBC2C6B90F4005D2C3E /* Extensions */ = {
			isa = PBXGroup;
			children = (
				24E3FED52C6BA227005D2C3E /* UIFont+Ext.swift */,
				24E3FECD2C6B9B25005D2C3E /* String+Ext.swift */,
				24E3FECF2C6B9B3F005D2C3E /* UIView+Ext.swift */,
				24E3FEF12C6BAD91005D2C3E /* NSMutableAttributedString+Ext.swift */,
				24E3FEF52C6BB476005D2C3E /* Dequeueable+Ext.swift */,
				240624782C6E574F00717B7C /* UIButton+Ext.swift */,
				240624822C6E6A1400717B7C /* UIApplication+Ext.swift */,
			);
			path = Extensions;
			sourceTree = "<group>";
		};
		24E3FEBD2C6B90FE005D2C3E /* Constants */ = {
			isa = PBXGroup;
			children = (
				24E3FEEF2C6BA60F005D2C3E /* FontConstant.swift */,
				240624802C6E67DC00717B7C /* DeviceConstant.swift */,
			);
			path = Constants;
			sourceTree = "<group>";
		};
		24E3FEBE2C6B912D005D2C3E /* Base */ = {
			isa = PBXGroup;
			children = (
				2406249B2C71D68000717B7C /* NavigationController */,
				240624982C71C87300717B7C /* TabBarController */,
				240624A02C73213800717B7C /* CollectionView */,
				240624852C6EE96B00717B7C /* CollectionViewCell */,
				2406249F2C73212800717B7C /* TableView */,
				240624842C6EE96100717B7C /* TableViewCell */,
				24E3FF3A2C6DAEAE005D2C3E /* View */,
				24E3FF392C6DAEA2005D2C3E /* ViewController */,
				24E3FF3D2C6DAF28005D2C3E /* Button */,
				24E3FF3B2C6DAEC0005D2C3E /* Label */,
			);
			path = Base;
			sourceTree = "<group>";
		};
		24E3FEC02C6B916E005D2C3E /* Alerts */ = {
			isa = PBXGroup;
			children = (
			);
			path = Alerts;
			sourceTree = "<group>";
		};
		24E3FEC12C6B917C005D2C3E /* Libraries */ = {
			isa = PBXGroup;
			children = (
				240624A62C7326AD00717B7C /* SkeletonLoading */,
				24E3FF1A2C6C8D43005D2C3E /* Transition */,
			);
			path = Libraries;
			sourceTree = "<group>";
		};
		24E3FF012C6C8CDB005D2C3E /* Helpers */ = {
			isa = PBXGroup;
			children = (
				240624772C6E573600717B7C /* Protocols */,
				24E3FF342C6DA808005D2C3E /* SafeArea */,
				24E3FF332C6DA7EE005D2C3E /* Keyboard */,
			);
			path = Helpers;
			sourceTree = "<group>";
		};
		24E3FF042C6C8D43005D2C3E /* Animator */ = {
			isa = PBXGroup;
			children = (
				24E3FF022C6C8D43005D2C3E /* PanModalAnimator.swift */,
				24E3FF032C6C8D43005D2C3E /* PanModalPresentationAnimator.swift */,
			);
			path = Animator;
			sourceTree = "<group>";
		};
		24E3FF062C6C8D43005D2C3E /* Controller */ = {
			isa = PBXGroup;
			children = (
				24E3FF052C6C8D43005D2C3E /* PanModalPresentationController.swift */,
			);
			path = Controller;
			sourceTree = "<group>";
		};
		24E3FF082C6C8D43005D2C3E /* PanModal */ = {
			isa = PBXGroup;
			children = (
				24E3FF072C6C8D43005D2C3E /* PanModalPresentationDelegate.swift */,
			);
			path = PanModal;
			sourceTree = "<group>";
		};
		24E3FF0A2C6C8D43005D2C3E /* Delegate */ = {
			isa = PBXGroup;
			children = (
				24E3FF082C6C8D43005D2C3E /* PanModal */,
				24E3FF092C6C8D43005D2C3E /* TransitionType.swift */,
			);
			path = Delegate;
			sourceTree = "<group>";
		};
		24E3FF102C6C8D43005D2C3E /* PanModal */ = {
			isa = PBXGroup;
			children = (
				24E3FF0B2C6C8D43005D2C3E /* PanModalHeight.swift */,
				24E3FF0C2C6C8D43005D2C3E /* PanModalPresentable.swift */,
				24E3FF0D2C6C8D43005D2C3E /* PanModalPresentable+Defaults.swift */,
				24E3FF0E2C6C8D43005D2C3E /* PanModalPresentable+LayoutHelpers.swift */,
				24E3FF0F2C6C8D43005D2C3E /* PanModalPresentable+UIViewController.swift */,
			);
			path = PanModal;
			sourceTree = "<group>";
		};
		24E3FF132C6C8D43005D2C3E /* Presentable */ = {
			isa = PBXGroup;
			children = (
				24E3FF102C6C8D43005D2C3E /* PanModal */,
				24E3FF112C6C8D43005D2C3E /* TransitionPresentable.swift */,
				24E3FF122C6C8D43005D2C3E /* TransitionPresentable+Defaults.swift */,
			);
			path = Presentable;
			sourceTree = "<group>";
		};
		24E3FF162C6C8D43005D2C3E /* Presenter */ = {
			isa = PBXGroup;
			children = (
				24E3FF142C6C8D43005D2C3E /* TransitionPresenter.swift */,
				24E3FF152C6C8D43005D2C3E /* TransitionPresenter+UIViewController.swift */,
			);
			path = Presenter;
			sourceTree = "<group>";
		};
		24E3FF192C6C8D43005D2C3E /* View */ = {
			isa = PBXGroup;
			children = (
				24E3FF172C6C8D43005D2C3E /* DimmedView.swift */,
				24E3FF182C6C8D43005D2C3E /* PanContainerView.swift */,
			);
			path = View;
			sourceTree = "<group>";
		};
		24E3FF1A2C6C8D43005D2C3E /* Transition */ = {
			isa = PBXGroup;
			children = (
				24E3FF042C6C8D43005D2C3E /* Animator */,
				24E3FF062C6C8D43005D2C3E /* Controller */,
				24E3FF0A2C6C8D43005D2C3E /* Delegate */,
				24E3FF132C6C8D43005D2C3E /* Presentable */,
				24E3FF162C6C8D43005D2C3E /* Presenter */,
				24E3FF192C6C8D43005D2C3E /* View */,
			);
			path = Transition;
			sourceTree = "<group>";
		};
		24E3FF2E2C6C91E3005D2C3E /* CustomView */ = {
			isa = PBXGroup;
			children = (
				2406247B2C6E635200717B7C /* HorizontalList */,
				2406247A2C6E634400717B7C /* GridView */,
			);
			path = CustomView;
			sourceTree = "<group>";
		};
		24E3FF332C6DA7EE005D2C3E /* Keyboard */ = {
			isa = PBXGroup;
			children = (
				24E3FF312C6CF513005D2C3E /* SmartScrollView.swift */,
				24E3FF2B2C6C9048005D2C3E /* KeyboardHelper.swift */,
			);
			path = Keyboard;
			sourceTree = "<group>";
		};
		24E3FF342C6DA808005D2C3E /* SafeArea */ = {
			isa = PBXGroup;
			children = (
				24E3FF352C6DA833005D2C3E /* SafeAreaBottomView.swift */,
				24E3FF362C6DA834005D2C3E /* SafeAreaTopView.swift */,
			);
			path = SafeArea;
			sourceTree = "<group>";
		};
		24E3FF392C6DAEA2005D2C3E /* ViewController */ = {
			isa = PBXGroup;
			children = (
				24E3FEC92C6B9AE3005D2C3E /* ViewController.swift */,
			);
			path = ViewController;
			sourceTree = "<group>";
		};
		24E3FF3A2C6DAEAE005D2C3E /* View */ = {
			isa = PBXGroup;
			children = (
				24E3FECB2C6B9AFD005D2C3E /* View.swift */,
				24E3FEF92C6BB688005D2C3E /* InteractiveView.swift */,
			);
			path = View;
			sourceTree = "<group>";
		};
		24E3FF3B2C6DAEC0005D2C3E /* Label */ = {
			isa = PBXGroup;
			children = (
				24E3FED32C6BA168005D2C3E /* Label.swift */,
			);
			path = Label;
			sourceTree = "<group>";
		};
		24E3FF3D2C6DAF28005D2C3E /* Button */ = {
			isa = PBXGroup;
			children = (
				24E3FF3E2C6DAF3B005D2C3E /* Button.swift */,
			);
			path = Button;
			sourceTree = "<group>";
		};
/* End PBXGroup section */

/* Begin PBXNativeTarget section */
		24E3FE992C64CC25005D2C3E /* Spotifire */ = {
			isa = PBXNativeTarget;
			buildConfigurationList = 24E3FEAE2C64CC27005D2C3E /* Build configuration list for PBXNativeTarget "Spotifire" */;
			buildPhases = (
				24E3FE962C64CC25005D2C3E /* Sources */,
				24E3FE972C64CC25005D2C3E /* Frameworks */,
				24E3FE982C64CC25005D2C3E /* Resources */,
			);
			buildRules = (
			);
			dependencies = (
			);
			name = Spotifire;
			productName = Spotifire;
			productReference = 24E3FE9A2C64CC25005D2C3E /* Spotifire.app */;
			productType = "com.apple.product-type.application";
		};
/* End PBXNativeTarget section */

/* Begin PBXProject section */
		24E3FE922C64CC25005D2C3E /* Project object */ = {
			isa = PBXProject;
			attributes = {
				BuildIndependentTargetsInParallel = 1;
				LastSwiftUpdateCheck = 1540;
				LastUpgradeCheck = 1540;
				TargetAttributes = {
					24E3FE992C64CC25005D2C3E = {
						CreatedOnToolsVersion = 15.4;
					};
				};
			};
			buildConfigurationList = 24E3FE952C64CC25005D2C3E /* Build configuration list for PBXProject "Spotifire" */;
			compatibilityVersion = "Xcode 14.0";
			developmentRegion = en;
			hasScannedForEncodings = 0;
			knownRegions = (
				en,
				Base,
				vi,
			);
			mainGroup = 24E3FE912C64CC25005D2C3E;
			productRefGroup = 24E3FE9B2C64CC25005D2C3E /* Products */;
			projectDirPath = "";
			projectRoot = "";
			targets = (
				24E3FE992C64CC25005D2C3E /* Spotifire */,
			);
		};
/* End PBXProject section */

/* Begin PBXResourcesBuildPhase section */
		24E3FE982C64CC25005D2C3E /* Resources */ = {
			isa = PBXResourcesBuildPhase;
			buildActionMask = 2147483647;
			files = (
				24E3FEB82C64D04E005D2C3E /* Assets.xcassets in Resources */,
				24E3FEEA2C6BA409005D2C3E /* NotoSans-ExtraLight.ttf in Resources */,
				24E3FEEC2C6BA409005D2C3E /* NotoSans-Regular.ttf in Resources */,
				24E3FEE52C6BA409005D2C3E /* NotoSans-ExtraLightItalic.ttf in Resources */,
				24E3FEE92C6BA409005D2C3E /* NotoSans-ThinItalic.ttf in Resources */,
				24E3FEE82C6BA409005D2C3E /* NotoSans-SemiBoldItalic.ttf in Resources */,
				24E3FF002C6BBD44005D2C3E /* TestViewController.xib in Resources */,
				24E3FEE72C6BA409005D2C3E /* NotoSans-SemiBold.ttf in Resources */,
				24E3FEE62C6BA409005D2C3E /* NotoSans-MediumItalic.ttf in Resources */,
				24FB19DA2C6E3FD4004BEA1D /* Colors.xcassets in Resources */,
				24E3FEED2C6BA409005D2C3E /* NotoSans-Thin.ttf in Resources */,
				24E3FEAA2C64CC27005D2C3E /* Base in Resources */,
				24E3FEEB2C6BA409005D2C3E /* NotoSans-Light.ttf in Resources */,
				24E3FED22C6BA138005D2C3E /* Localizable.xcstrings in Resources */,
				24FB19D82C6E3FBF004BEA1D /* Icons.xcassets in Resources */,
				24E3FEE32C6BA409005D2C3E /* NotoSans-Italic.ttf in Resources */,
				2406248D2C6EFF7B00717B7C /* HorizontalList.xib in Resources */,
				24E3FEE42C6BA409005D2C3E /* NotoSans-LightItalic.ttf in Resources */,
				24E3FEEE2C6BA409005D2C3E /* NotoSans-Medium.ttf in Resources */,
			);
			runOnlyForDeploymentPostprocessing = 0;
		};
/* End PBXResourcesBuildPhase section */

/* Begin PBXSourcesBuildPhase section */
		24E3FE962C64CC25005D2C3E /* Sources */ = {
			isa = PBXSourcesBuildPhase;
			buildActionMask = 2147483647;
			files = (
				24E3FF3F2C6DAF3B005D2C3E /* Button.swift in Sources */,
				24E3FF1C2C6C8D43005D2C3E /* PanModalPresentationAnimator.swift in Sources */,
				24E3FF322C6CF513005D2C3E /* SmartScrollView.swift in Sources */,
				24E3FEFF2C6BBD44005D2C3E /* TestViewController.swift in Sources */,
				240624A22C73214A00717B7C /* CollectionView.swift in Sources */,
				24E3FF1B2C6C8D43005D2C3E /* PanModalAnimator.swift in Sources */,
				24E3FEF82C6BB515005D2C3E /* Fillable.swift in Sources */,
				24E3FF202C6C8D43005D2C3E /* PanModalHeight.swift in Sources */,
				240624A42C73216200717B7C /* TableView.swift in Sources */,
				24E3FF382C6DA834005D2C3E /* SafeAreaTopView.swift in Sources */,
				24E3FF1E2C6C8D43005D2C3E /* PanModalPresentationDelegate.swift in Sources */,
				24E3FF272C6C8D43005D2C3E /* TransitionPresenter.swift in Sources */,
				24E3FECC2C6B9AFD005D2C3E /* View.swift in Sources */,
				240624812C6E67DC00717B7C /* DeviceConstant.swift in Sources */,
				24E3FEF22C6BAD91005D2C3E /* NSMutableAttributedString+Ext.swift in Sources */,
				2406249A2C71C88500717B7C /* TabBarController.swift in Sources */,
				240624872C6EE98000717B7C /* TableViewCell.swift in Sources */,
				24E3FE9E2C64CC26005D2C3E /* AppDelegate.swift in Sources */,
				24E3FEF62C6BB476005D2C3E /* Dequeueable+Ext.swift in Sources */,
				24E3FEFA2C6BB688005D2C3E /* InteractiveView.swift in Sources */,
				24E3FEF02C6BA60F005D2C3E /* FontConstant.swift in Sources */,
				24E3FED62C6BA227005D2C3E /* UIFont+Ext.swift in Sources */,
				24E3FF212C6C8D43005D2C3E /* PanModalPresentable.swift in Sources */,
				2406248B2C6EFB5000717B7C /* HorizontalList.swift in Sources */,
				2406249D2C71D69200717B7C /* NavigationController.swift in Sources */,
				24E3FF242C6C8D43005D2C3E /* PanModalPresentable+UIViewController.swift in Sources */,
				24E3FF1D2C6C8D43005D2C3E /* PanModalPresentationController.swift in Sources */,
				24E3FF2C2C6C9048005D2C3E /* KeyboardHelper.swift in Sources */,
				24E3FF232C6C8D43005D2C3E /* PanModalPresentable+LayoutHelpers.swift in Sources */,
				24E3FEF42C6BAE66005D2C3E /* With.swift in Sources */,
				2406247F2C6E66E900717B7C /* FlexGridView.swift in Sources */,
				24E3FED42C6BA168005D2C3E /* Label.swift in Sources */,
				24E3FF2A2C6C8D43005D2C3E /* PanContainerView.swift in Sources */,
				24E3FF222C6C8D43005D2C3E /* PanModalPresentable+Defaults.swift in Sources */,
				24E3FED02C6B9B3F005D2C3E /* UIView+Ext.swift in Sources */,
				24E3FECE2C6B9B25005D2C3E /* String+Ext.swift in Sources */,
				24E3FF252C6C8D43005D2C3E /* TransitionPresentable.swift in Sources */,
				24E3FF292C6C8D43005D2C3E /* DimmedView.swift in Sources */,
				240624832C6E6A1400717B7C /* UIApplication+Ext.swift in Sources */,
				24E3FF372C6DA834005D2C3E /* SafeAreaBottomView.swift in Sources */,
				24E3FF282C6C8D43005D2C3E /* TransitionPresenter+UIViewController.swift in Sources */,
				24E3FF1F2C6C8D43005D2C3E /* TransitionType.swift in Sources */,
				2406247D2C6E639900717B7C /* GridView.swift in Sources */,
				240624892C6EE99F00717B7C /* CollectionViewCell.swift in Sources */,
				240624792C6E574F00717B7C /* UIButton+Ext.swift in Sources */,
				24E3FF262C6C8D43005D2C3E /* TransitionPresentable+Defaults.swift in Sources */,
				24E3FECA2C6B9AE3005D2C3E /* ViewController.swift in Sources */,
			);
			runOnlyForDeploymentPostprocessing = 0;
		};
/* End PBXSourcesBuildPhase section */

/* Begin PBXVariantGroup section */
		24E3FEA82C64CC27005D2C3E /* LaunchScreen.storyboard */ = {
			isa = PBXVariantGroup;
			children = (
				24E3FEA92C64CC27005D2C3E /* Base */,
			);
			name = LaunchScreen.storyboard;
			sourceTree = "<group>";
		};
/* End PBXVariantGroup section */

/* Begin XCBuildConfiguration section */
		24E3FEAC2C64CC27005D2C3E /* Debug */ = {
			isa = XCBuildConfiguration;
			buildSettings = {
				ALWAYS_SEARCH_USER_PATHS = NO;
				ASSETCATALOG_COMPILER_GENERATE_SWIFT_ASSET_SYMBOL_EXTENSIONS = YES;
				CLANG_ANALYZER_NONNULL = YES;
				CLANG_ANALYZER_NUMBER_OBJECT_CONVERSION = YES_AGGRESSIVE;
				CLANG_CXX_LANGUAGE_STANDARD = "gnu++20";
				CLANG_ENABLE_MODULES = YES;
				CLANG_ENABLE_OBJC_ARC = YES;
				CLANG_ENABLE_OBJC_WEAK = YES;
				CLANG_WARN_BLOCK_CAPTURE_AUTORELEASING = YES;
				CLANG_WARN_BOOL_CONVERSION = YES;
				CLANG_WARN_COMMA = YES;
				CLANG_WARN_CONSTANT_CONVERSION = YES;
				CLANG_WARN_DEPRECATED_OBJC_IMPLEMENTATIONS = YES;
				CLANG_WARN_DIRECT_OBJC_ISA_USAGE = YES_ERROR;
				CLANG_WARN_DOCUMENTATION_COMMENTS = YES;
				CLANG_WARN_EMPTY_BODY = YES;
				CLANG_WARN_ENUM_CONVERSION = YES;
				CLANG_WARN_INFINITE_RECURSION = YES;
				CLANG_WARN_INT_CONVERSION = YES;
				CLANG_WARN_NON_LITERAL_NULL_CONVERSION = YES;
				CLANG_WARN_OBJC_IMPLICIT_RETAIN_SELF = YES;
				CLANG_WARN_OBJC_LITERAL_CONVERSION = YES;
				CLANG_WARN_OBJC_ROOT_CLASS = YES_ERROR;
				CLANG_WARN_QUOTED_INCLUDE_IN_FRAMEWORK_HEADER = YES;
				CLANG_WARN_RANGE_LOOP_ANALYSIS = YES;
				CLANG_WARN_STRICT_PROTOTYPES = YES;
				CLANG_WARN_SUSPICIOUS_MOVE = YES;
				CLANG_WARN_UNGUARDED_AVAILABILITY = YES_AGGRESSIVE;
				CLANG_WARN_UNREACHABLE_CODE = YES;
				CLANG_WARN__DUPLICATE_METHOD_MATCH = YES;
				COPY_PHASE_STRIP = NO;
				DEBUG_INFORMATION_FORMAT = dwarf;
				ENABLE_STRICT_OBJC_MSGSEND = YES;
				ENABLE_TESTABILITY = YES;
				ENABLE_USER_SCRIPT_SANDBOXING = YES;
				GCC_C_LANGUAGE_STANDARD = gnu17;
				GCC_DYNAMIC_NO_PIC = NO;
				GCC_NO_COMMON_BLOCKS = YES;
				GCC_OPTIMIZATION_LEVEL = 0;
				GCC_PREPROCESSOR_DEFINITIONS = (
					"DEBUG=1",
					"$(inherited)",
				);
				GCC_WARN_64_TO_32_BIT_CONVERSION = YES;
				GCC_WARN_ABOUT_RETURN_TYPE = YES_ERROR;
				GCC_WARN_UNDECLARED_SELECTOR = YES;
				GCC_WARN_UNINITIALIZED_AUTOS = YES_AGGRESSIVE;
				GCC_WARN_UNUSED_FUNCTION = YES;
				GCC_WARN_UNUSED_VARIABLE = YES;
				IPHONEOS_DEPLOYMENT_TARGET = 17.5;
				LOCALIZATION_PREFERS_STRING_CATALOGS = YES;
				MTL_ENABLE_DEBUG_INFO = INCLUDE_SOURCE;
				MTL_FAST_MATH = YES;
				ONLY_ACTIVE_ARCH = YES;
				SDKROOT = iphoneos;
				SWIFT_ACTIVE_COMPILATION_CONDITIONS = "DEBUG $(inherited)";
				SWIFT_OPTIMIZATION_LEVEL = "-Onone";
			};
			name = Debug;
		};
		24E3FEAD2C64CC27005D2C3E /* Release */ = {
			isa = XCBuildConfiguration;
			buildSettings = {
				ALWAYS_SEARCH_USER_PATHS = NO;
				ASSETCATALOG_COMPILER_GENERATE_SWIFT_ASSET_SYMBOL_EXTENSIONS = YES;
				CLANG_ANALYZER_NONNULL = YES;
				CLANG_ANALYZER_NUMBER_OBJECT_CONVERSION = YES_AGGRESSIVE;
				CLANG_CXX_LANGUAGE_STANDARD = "gnu++20";
				CLANG_ENABLE_MODULES = YES;
				CLANG_ENABLE_OBJC_ARC = YES;
				CLANG_ENABLE_OBJC_WEAK = YES;
				CLANG_WARN_BLOCK_CAPTURE_AUTORELEASING = YES;
				CLANG_WARN_BOOL_CONVERSION = YES;
				CLANG_WARN_COMMA = YES;
				CLANG_WARN_CONSTANT_CONVERSION = YES;
				CLANG_WARN_DEPRECATED_OBJC_IMPLEMENTATIONS = YES;
				CLANG_WARN_DIRECT_OBJC_ISA_USAGE = YES_ERROR;
				CLANG_WARN_DOCUMENTATION_COMMENTS = YES;
				CLANG_WARN_EMPTY_BODY = YES;
				CLANG_WARN_ENUM_CONVERSION = YES;
				CLANG_WARN_INFINITE_RECURSION = YES;
				CLANG_WARN_INT_CONVERSION = YES;
				CLANG_WARN_NON_LITERAL_NULL_CONVERSION = YES;
				CLANG_WARN_OBJC_IMPLICIT_RETAIN_SELF = YES;
				CLANG_WARN_OBJC_LITERAL_CONVERSION = YES;
				CLANG_WARN_OBJC_ROOT_CLASS = YES_ERROR;
				CLANG_WARN_QUOTED_INCLUDE_IN_FRAMEWORK_HEADER = YES;
				CLANG_WARN_RANGE_LOOP_ANALYSIS = YES;
				CLANG_WARN_STRICT_PROTOTYPES = YES;
				CLANG_WARN_SUSPICIOUS_MOVE = YES;
				CLANG_WARN_UNGUARDED_AVAILABILITY = YES_AGGRESSIVE;
				CLANG_WARN_UNREACHABLE_CODE = YES;
				CLANG_WARN__DUPLICATE_METHOD_MATCH = YES;
				COPY_PHASE_STRIP = NO;
				DEBUG_INFORMATION_FORMAT = "dwarf-with-dsym";
				ENABLE_NS_ASSERTIONS = NO;
				ENABLE_STRICT_OBJC_MSGSEND = YES;
				ENABLE_USER_SCRIPT_SANDBOXING = YES;
				GCC_C_LANGUAGE_STANDARD = gnu17;
				GCC_NO_COMMON_BLOCKS = YES;
				GCC_WARN_64_TO_32_BIT_CONVERSION = YES;
				GCC_WARN_ABOUT_RETURN_TYPE = YES_ERROR;
				GCC_WARN_UNDECLARED_SELECTOR = YES;
				GCC_WARN_UNINITIALIZED_AUTOS = YES_AGGRESSIVE;
				GCC_WARN_UNUSED_FUNCTION = YES;
				GCC_WARN_UNUSED_VARIABLE = YES;
				IPHONEOS_DEPLOYMENT_TARGET = 17.5;
				LOCALIZATION_PREFERS_STRING_CATALOGS = YES;
				MTL_ENABLE_DEBUG_INFO = NO;
				MTL_FAST_MATH = YES;
				SDKROOT = iphoneos;
				SWIFT_COMPILATION_MODE = wholemodule;
				VALIDATE_PRODUCT = YES;
			};
			name = Release;
		};
		24E3FEAF2C64CC27005D2C3E /* Debug */ = {
			isa = XCBuildConfiguration;
			buildSettings = {
				ASSETCATALOG_COMPILER_APPICON_NAME = AppIcon;
				ASSETCATALOG_COMPILER_GLOBAL_ACCENT_COLOR_NAME = AccentColor;
				CODE_SIGN_STYLE = Automatic;
				CURRENT_PROJECT_VERSION = 1;
				DEVELOPMENT_TEAM = KMLPGRPUFB;
				FRAMEWORK_SEARCH_PATHS = (
					"$(inherited)",
					"$(PROJECT_DIR)/Spotifire/Shared/Libraries/SkeletonLoading",
				);
				GENERATE_INFOPLIST_FILE = YES;
				INFOPLIST_FILE = Spotifire/Application/Info.plist;
				INFOPLIST_KEY_UIApplicationSupportsIndirectInputEvents = YES;
				INFOPLIST_KEY_UILaunchStoryboardName = LaunchScreen;
				INFOPLIST_KEY_UISupportedInterfaceOrientations = UIInterfaceOrientationPortrait;
				INFOPLIST_KEY_UISupportedInterfaceOrientations_iPad = "UIInterfaceOrientationLandscapeLeft UIInterfaceOrientationLandscapeRight UIInterfaceOrientationPortrait UIInterfaceOrientationPortraitUpsideDown";
				IPHONEOS_DEPLOYMENT_TARGET = 16.0;
				LD_RUNPATH_SEARCH_PATHS = (
					"$(inherited)",
					"@executable_path/Frameworks",
				);
				MARKETING_VERSION = 1.0;
				PRODUCT_BUNDLE_IDENTIFIER = com.xhieu.Spotifire;
				PRODUCT_NAME = "$(TARGET_NAME)";
				SUPPORTED_PLATFORMS = "iphoneos iphonesimulator";
				SUPPORTS_MACCATALYST = NO;
				SUPPORTS_MAC_DESIGNED_FOR_IPHONE_IPAD = NO;
				SUPPORTS_XR_DESIGNED_FOR_IPHONE_IPAD = NO;
				SWIFT_EMIT_LOC_STRINGS = YES;
				SWIFT_VERSION = 5.0;
				TARGETED_DEVICE_FAMILY = 1;
			};
			name = Debug;
		};
		24E3FEB02C64CC27005D2C3E /* Release */ = {
			isa = XCBuildConfiguration;
			buildSettings = {
				ASSETCATALOG_COMPILER_APPICON_NAME = AppIcon;
				ASSETCATALOG_COMPILER_GLOBAL_ACCENT_COLOR_NAME = AccentColor;
				CODE_SIGN_STYLE = Automatic;
				CURRENT_PROJECT_VERSION = 1;
				DEVELOPMENT_TEAM = KMLPGRPUFB;
				FRAMEWORK_SEARCH_PATHS = (
					"$(inherited)",
					"$(PROJECT_DIR)/Spotifire/Shared/Libraries/SkeletonLoading",
				);
				GENERATE_INFOPLIST_FILE = YES;
				INFOPLIST_FILE = Spotifire/Application/Info.plist;
				INFOPLIST_KEY_UIApplicationSupportsIndirectInputEvents = YES;
				INFOPLIST_KEY_UILaunchStoryboardName = LaunchScreen;
				INFOPLIST_KEY_UISupportedInterfaceOrientations = UIInterfaceOrientationPortrait;
				INFOPLIST_KEY_UISupportedInterfaceOrientations_iPad = "UIInterfaceOrientationLandscapeLeft UIInterfaceOrientationLandscapeRight UIInterfaceOrientationPortrait UIInterfaceOrientationPortraitUpsideDown";
				IPHONEOS_DEPLOYMENT_TARGET = 16.0;
				LD_RUNPATH_SEARCH_PATHS = (
					"$(inherited)",
					"@executable_path/Frameworks",
				);
				MARKETING_VERSION = 1.0;
				PRODUCT_BUNDLE_IDENTIFIER = com.xhieu.Spotifire;
				PRODUCT_NAME = "$(TARGET_NAME)";
				SUPPORTED_PLATFORMS = "iphoneos iphonesimulator";
				SUPPORTS_MACCATALYST = NO;
				SUPPORTS_MAC_DESIGNED_FOR_IPHONE_IPAD = NO;
				SUPPORTS_XR_DESIGNED_FOR_IPHONE_IPAD = NO;
				SWIFT_EMIT_LOC_STRINGS = YES;
				SWIFT_VERSION = 5.0;
				TARGETED_DEVICE_FAMILY = 1;
			};
			name = Release;
		};
/* End XCBuildConfiguration section */

/* Begin XCConfigurationList section */
		24E3FE952C64CC25005D2C3E /* Build configuration list for PBXProject "Spotifire" */ = {
			isa = XCConfigurationList;
			buildConfigurations = (
				24E3FEAC2C64CC27005D2C3E /* Debug */,
				24E3FEAD2C64CC27005D2C3E /* Release */,
			);
			defaultConfigurationIsVisible = 0;
			defaultConfigurationName = Release;
		};
		24E3FEAE2C64CC27005D2C3E /* Build configuration list for PBXNativeTarget "Spotifire" */ = {
			isa = XCConfigurationList;
			buildConfigurations = (
				24E3FEAF2C64CC27005D2C3E /* Debug */,
				24E3FEB02C64CC27005D2C3E /* Release */,
			);
			defaultConfigurationIsVisible = 0;
			defaultConfigurationName = Release;
		};
/* End XCConfigurationList section */
	};
	rootObject = 24E3FE922C64CC25005D2C3E /* Project object */;
}
